
Microsoft Visual Studio Solution File, Format Version 12.00
# Visual Studio 15
VisualStudioVersion = 15.0.28307.489
MinimumVisualStudioVersion = 10.0.40219.1
Project("{FAE04EC0-301F-11D3-BF4B-00C04F79EFBC}") = "ChartLab", "ChartLab\ChartLab.csproj", "{668C517B-39CE-498E-8FCD-9D552220DBFA}"
EndProject
Global
	GlobalSection(SolutionConfigurationPlatforms) = preSolution
		Debug|Any CPU = Debug|Any CPU
		Release|Any CPU = Release|Any CPU
	EndGlobalSection
	GlobalSection(ProjectConfigurationPlatforms) = postSolution
		{668C517B-39CE-498E-8FCD-9D552220DBFA}.Debug|Any CPU.ActiveCfg = Debug|Any CPU
		{668C517B-39CE-498E-8FCD-9D552220DBFA}.Debug|Any CPU.Build.0 = Debug|Any CPU
		{668C517B-39CE-498E-8FCD-9D552220DBFA}.Release|Any CPU.ActiveCfg = Release|Any CPU
		{668C517B-39CE-498E-8FCD-9D552220DBFA}.Release|Any CPU.Build.0 = Release|Any CPU
	EndGlobalSection
	GlobalSection(SolutionProperties) = preSolution
		HideSolutionNode = FALSE
	EndGlobalSection
	GlobalSection(ExtensibilityGlobals) = postSolution
		SolutionGuid = {235D8FD6-B518-452A-9ED1-B521D1EC99B0}
	EndGlobalSection
EndGlobal
